
Microsoft Visual Studio Solution File, Format Version 12.00
# Visual Studio Version 17
VisualStudioVersion = 17.14.36414.22 d17.14
MinimumVisualStudioVersion = 10.0.40219.1
Project("{FAE04EC0-301F-11D3-BF4B-00C04F79EFBC}") = "Estados_Financieros", "Estados_Financieros\Estados_Financieros.csproj", "{40B3EB7F-2517-4702-97C7-F1C7ED299F09}"
EndProject
Global
	GlobalSection(SolutionConfigurationPlatforms) = preSolution
		Debug|Any CPU = Debug|Any CPU
		Release|Any CPU = Release|Any CPU
	EndGlobalSection
	GlobalSection(ProjectConfigurationPlatforms) = postSolution
		{40B3EB7F-2517-4702-97C7-F1C7ED299F09}.Debug|Any CPU.ActiveCfg = Debug|Any CPU
		{40B3EB7F-2517-4702-97C7-F1C7ED299F09}.Debug|Any CPU.Build.0 = Debug|Any CPU
		{40B3EB7F-2517-4702-97C7-F1C7ED299F09}.Release|Any CPU.ActiveCfg = Release|Any CPU
		{40B3EB7F-2517-4702-97C7-F1C7ED299F09}.Release|Any CPU.Build.0 = Release|Any CPU
	EndGlobalSection
	GlobalSection(SolutionProperties) = preSolution
		HideSolutionNode = FALSE
	EndGlobalSection
	GlobalSection(ExtensibilityGlobals) = postSolution
		SolutionGuid = {209EE009-2CE6-44FF-BA18-486B91647042}
	EndGlobalSection
EndGlobal
